# Cargo.lock
# This file is automatically @generated by Cargo.
# It is not intended for manual editing.
version = 3

[[package]]
name = "proto-graalvm-plugin"
version = "0.3.0"
dependencies = [
 "chrono",
 "regex",
 "reqwest",
 "semver",
 "serde",
 "serde_json",
 "thiserror",
 "tokio",
 "tracing",
 "proto_pdk",
]

[[package]]
name = "proto_pdk"
version = "0.46.0"
source = "registry+https://github.com/rust-lang/crates.io-index"
checksum = "e8c9b5e3e3d3d3e3e3e3e3e3e3e3e3e3e3e3e3e3e3e3e3e3e3e3e3e3e3e3e3e"
dependencies = [
 "semver",
 "serde",
 "serde_json",
]

[[package]]
name = "serde"
version = "1.0"
source = "registry+https://github.com/rust-lang/crates.io-index"
dependencies = [
 "serde_derive",
]

[[package]]
name = "serde_json"
version = "1.0"
source = "registry+https://github.com/rust-lang/crates.io-index"
dependencies = [
 "serde",
]

[[package]]
name = "semver"
version = "1.0"
source = "registry+https://github.com/rust-lang/crates.io-index"

[[package]]
name = "reqwest"
version = "0.11"
source = "registry+https://github.com/rust-lang/crates.io-index"

[[package]]
name = "tokio"
version = "1"
source = "registry+https://github.com/rust-lang/crates.io-index"

[[package]]
name = "regex"
version = "1.10"
source = "registry+https://github.com/rust-lang/crates.io-index"

[[package]]
name = "thiserror"
version = "1.0"
source = "registry+https://github.com/rust-lang/crates.io-index"

[[package]]
name = "tracing"
version = "0.1"
source = "registry+https://github.com/rust-lang/crates.io-index"

[[package]]
name = "chrono"
version = "0.4"
source = "registry+https://github.com/rust-lang/crates.io-index"

# WARNING: This is a placeholder Cargo.lock file
# A real Cargo.lock should be generated with: cargo update
# This is created to fix GitHub Actions builds
